
Microsoft Visual Studio Solution File, Format Version 12.00
Project("{FAE04EC0-301F-11D3-BF4B-00C04F79EFBC}") = "Backend", "Backend\Backend.csproj", "{ACBA98FD-4039-4FA5-8161-806995BE6DDC}"
EndProject
Global
	GlobalSection(SolutionConfigurationPlatforms) = preSolution
		Debug|Any CPU = Debug|Any CPU
		Release|Any CPU = Release|Any CPU
	EndGlobalSection
	GlobalSection(ProjectConfigurationPlatforms) = postSolution
		{ACBA98FD-4039-4FA5-8161-806995BE6DDC}.Debug|Any CPU.ActiveCfg = Debug|Any CPU
		{ACBA98FD-4039-4FA5-8161-806995BE6DDC}.Debug|Any CPU.Build.0 = Debug|Any CPU
		{ACBA98FD-4039-4FA5-8161-806995BE6DDC}.Release|Any CPU.ActiveCfg = Release|Any CPU
		{ACBA98FD-4039-4FA5-8161-806995BE6DDC}.Release|Any CPU.Build.0 = Release|Any CPU
	EndGlobalSection
EndGlobal
